
Microsoft Visual Studio Solution File, Format Version 12.00
# Visual Studio Version 17
VisualStudioVersion = 17.0.31903.59
MinimumVisualStudioVersion = 10.0.40219.1
Project("{FAE04EC0-301F-11D3-BF4B-00C04F79EFBC}") = "CSharpProjectConsole", "CSharpProjectConsole\CSharpProjectConsole.csproj", "{F6034ED7-49C3-4DAF-B1F0-DFB69D6DCAA9}"
EndProject
Project("{FAE04EC0-301F-11D3-BF4B-00C04F79EFBC}") = "CSharpProjectLibraryTest", "CSharpProjectLibraryTest\CSharpProjectLibraryTest.csproj", "{8CE83E48-95FF-475C-8D69-132C9255F4BC}"
EndProject
Global
	GlobalSection(SolutionConfigurationPlatforms) = preSolution
		Debug|Any CPU = Debug|Any CPU
		Release|Any CPU = Release|Any CPU
	EndGlobalSection
	GlobalSection(SolutionProperties) = preSolution
		HideSolutionNode = FALSE
	EndGlobalSection
	GlobalSection(ProjectConfigurationPlatforms) = postSolution
		{F6034ED7-49C3-4DAF-B1F0-DFB69D6DCAA9}.Debug|Any CPU.ActiveCfg = Debug|Any CPU
		{F6034ED7-49C3-4DAF-B1F0-DFB69D6DCAA9}.Debug|Any CPU.Build.0 = Debug|Any CPU
		{F6034ED7-49C3-4DAF-B1F0-DFB69D6DCAA9}.Release|Any CPU.ActiveCfg = Release|Any CPU
		{F6034ED7-49C3-4DAF-B1F0-DFB69D6DCAA9}.Release|Any CPU.Build.0 = Release|Any CPU
		{8CE83E48-95FF-475C-8D69-132C9255F4BC}.Debug|Any CPU.ActiveCfg = Debug|Any CPU
		{8CE83E48-95FF-475C-8D69-132C9255F4BC}.Debug|Any CPU.Build.0 = Debug|Any CPU
		{8CE83E48-95FF-475C-8D69-132C9255F4BC}.Release|Any CPU.ActiveCfg = Release|Any CPU
		{8CE83E48-95FF-475C-8D69-132C9255F4BC}.Release|Any CPU.Build.0 = Release|Any CPU
	EndGlobalSection
EndGlobal
